
Microsoft Visual Studio Solution File, Format Version 12.00
# Visual Studio Version 16
VisualStudioVersion = 16.0.28729.10
MinimumVisualStudioVersion = 10.0.40219.1
Project("{2150E333-8FDC-42A3-9474-1A3956D46DE8}") = "Solution Items", "Solution Items", "{9EDFB982-DFDF-4E51-9C77-0D34A23B0AF8}"
	ProjectSection(SolutionItems) = preProject
		.editorconfig = .editorconfig
		README.md = README.md
	EndProjectSection
EndProject
Project("{9A19103F-16F7-4668-BE54-9A1E7A4F7556}") = "ForzaData.Core", "Core\ForzaData.Core.csproj", "{5DA393E3-E440-4F22-B7E6-DA00312DADCC}"
EndProject
Project("{9A19103F-16F7-4668-BE54-9A1E7A4F7556}") = "ForzaData.Console", "Console\ForzaData.Console.csproj", "{00514889-1FFE-43FF-A275-EE5172703565}"
EndProject
Project("{9A19103F-16F7-4668-BE54-9A1E7A4F7556}") = "ForzaData.SampleRecorder", "SampleRecorder\ForzaData.SampleRecorder.csproj", "{68DA83E1-A8D7-41B7-9F1C-E4601C230E57}"
EndProject
Project("{9A19103F-16F7-4668-BE54-9A1E7A4F7556}") = "ForzaData.Tests", "Tests\ForzaData.Tests.csproj", "{A06E9305-4DB6-4908-862D-68A8A619D609}"
EndProject
Project("{9A19103F-16F7-4668-BE54-9A1E7A4F7556}") = "ForzaData.Web", "Web\ForzaData.Web.csproj", "{BB30DF07-0E8B-434C-B10E-47314B0E72D2}"
EndProject
Global
	GlobalSection(SolutionConfigurationPlatforms) = preSolution
		Debug|Any CPU = Debug|Any CPU
		Release|Any CPU = Release|Any CPU
	EndGlobalSection
	GlobalSection(ProjectConfigurationPlatforms) = postSolution
		{5DA393E3-E440-4F22-B7E6-DA00312DADCC}.Debug|Any CPU.ActiveCfg = Debug|Any CPU
		{5DA393E3-E440-4F22-B7E6-DA00312DADCC}.Debug|Any CPU.Build.0 = Debug|Any CPU
		{5DA393E3-E440-4F22-B7E6-DA00312DADCC}.Release|Any CPU.ActiveCfg = Release|Any CPU
		{5DA393E3-E440-4F22-B7E6-DA00312DADCC}.Release|Any CPU.Build.0 = Release|Any CPU
		{00514889-1FFE-43FF-A275-EE5172703565}.Debug|Any CPU.ActiveCfg = Debug|Any CPU
		{00514889-1FFE-43FF-A275-EE5172703565}.Debug|Any CPU.Build.0 = Debug|Any CPU
		{00514889-1FFE-43FF-A275-EE5172703565}.Release|Any CPU.ActiveCfg = Release|Any CPU
		{00514889-1FFE-43FF-A275-EE5172703565}.Release|Any CPU.Build.0 = Release|Any CPU
		{68DA83E1-A8D7-41B7-9F1C-E4601C230E57}.Debug|Any CPU.ActiveCfg = Debug|Any CPU
		{68DA83E1-A8D7-41B7-9F1C-E4601C230E57}.Debug|Any CPU.Build.0 = Debug|Any CPU
		{68DA83E1-A8D7-41B7-9F1C-E4601C230E57}.Release|Any CPU.ActiveCfg = Release|Any CPU
		{68DA83E1-A8D7-41B7-9F1C-E4601C230E57}.Release|Any CPU.Build.0 = Release|Any CPU
		{A06E9305-4DB6-4908-862D-68A8A619D609}.Debug|Any CPU.ActiveCfg = Debug|Any CPU
		{A06E9305-4DB6-4908-862D-68A8A619D609}.Debug|Any CPU.Build.0 = Debug|Any CPU
		{A06E9305-4DB6-4908-862D-68A8A619D609}.Release|Any CPU.ActiveCfg = Release|Any CPU
		{A06E9305-4DB6-4908-862D-68A8A619D609}.Release|Any CPU.Build.0 = Release|Any CPU
		{BB30DF07-0E8B-434C-B10E-47314B0E72D2}.Debug|Any CPU.ActiveCfg = Debug|Any CPU
		{BB30DF07-0E8B-434C-B10E-47314B0E72D2}.Debug|Any CPU.Build.0 = Debug|Any CPU
		{BB30DF07-0E8B-434C-B10E-47314B0E72D2}.Release|Any CPU.ActiveCfg = Release|Any CPU
		{BB30DF07-0E8B-434C-B10E-47314B0E72D2}.Release|Any CPU.Build.0 = Release|Any CPU
	EndGlobalSection
	GlobalSection(SolutionProperties) = preSolution
		HideSolutionNode = FALSE
	EndGlobalSection
	GlobalSection(ExtensibilityGlobals) = postSolution
		SolutionGuid = {9E84FB8E-183F-4EE0-8C40-2CB661FCA554}
	EndGlobalSection
EndGlobal
