
Microsoft Visual Studio Solution File, Format Version 12.00
# Visual Studio Version 17
VisualStudioVersion = 17.0.31521.260
MinimumVisualStudioVersion = 10.0.40219.1
Project("{9A19103F-16F7-4668-BE54-9A1E7A4F7556}") = "ForzaData.Web", "Web\ForzaData.Web.csproj", "{E97262A1-C8CE-45A6-9F6E-DA4D07DD765D}"
EndProject
Project("{9A19103F-16F7-4668-BE54-9A1E7A4F7556}") = "ForzaData.Tests", "Tests\ForzaData.Tests.csproj", "{7A2718F7-7DA3-4015-85D2-E2244F71CE5A}"
EndProject
Project("{9A19103F-16F7-4668-BE54-9A1E7A4F7556}") = "ForzaData.Console", "Console\ForzaData.Console.csproj", "{5B142436-5225-4461-9CDD-04C885200230}"
EndProject
Project("{9A19103F-16F7-4668-BE54-9A1E7A4F7556}") = "ForzaData.Core", "Core\ForzaData.Core.csproj", "{15424D1D-BB5E-417A-A8E0-4F97340B1ADC}"
EndProject
Project("{2150E333-8FDC-42A3-9474-1A3956D46DE8}") = "Solution Items", "Solution Items", "{9EDFB982-DFDF-4E51-9C77-0D34A23B0AF8}"
	ProjectSection(SolutionItems) = preProject
		.editorconfig = .editorconfig
		CONTRIBUTING.md = CONTRIBUTING.md
		LICENSE = LICENSE
		README.md = README.md
	EndProjectSection
EndProject
Project("{9A19103F-16F7-4668-BE54-9A1E7A4F7556}") = "ForzaData.SampleRecorder", "SampleRecorder\ForzaData.SampleRecorder.csproj", "{E98526DE-487B-4DC9-B523-AC5EC2770F8C}"
EndProject
Project("{9A19103F-16F7-4668-BE54-9A1E7A4F7556}") = "ForzaData.SampleFix", "SampleFix\ForzaData.SampleFix.csproj", "{83007329-2B0F-4BDC-BDA4-909AFA351BCD}"
EndProject
Global
	GlobalSection(SolutionConfigurationPlatforms) = preSolution
		Debug|Any CPU = Debug|Any CPU
		Release|Any CPU = Release|Any CPU
	EndGlobalSection
	GlobalSection(ProjectConfigurationPlatforms) = postSolution
		{E97262A1-C8CE-45A6-9F6E-DA4D07DD765D}.Debug|Any CPU.ActiveCfg = Debug|Any CPU
		{E97262A1-C8CE-45A6-9F6E-DA4D07DD765D}.Debug|Any CPU.Build.0 = Debug|Any CPU
		{E97262A1-C8CE-45A6-9F6E-DA4D07DD765D}.Release|Any CPU.ActiveCfg = Release|Any CPU
		{E97262A1-C8CE-45A6-9F6E-DA4D07DD765D}.Release|Any CPU.Build.0 = Release|Any CPU
		{7A2718F7-7DA3-4015-85D2-E2244F71CE5A}.Debug|Any CPU.ActiveCfg = Debug|Any CPU
		{7A2718F7-7DA3-4015-85D2-E2244F71CE5A}.Debug|Any CPU.Build.0 = Debug|Any CPU
		{7A2718F7-7DA3-4015-85D2-E2244F71CE5A}.Release|Any CPU.ActiveCfg = Release|Any CPU
		{7A2718F7-7DA3-4015-85D2-E2244F71CE5A}.Release|Any CPU.Build.0 = Release|Any CPU
		{5B142436-5225-4461-9CDD-04C885200230}.Debug|Any CPU.ActiveCfg = Debug|Any CPU
		{5B142436-5225-4461-9CDD-04C885200230}.Debug|Any CPU.Build.0 = Debug|Any CPU
		{5B142436-5225-4461-9CDD-04C885200230}.Release|Any CPU.ActiveCfg = Release|Any CPU
		{5B142436-5225-4461-9CDD-04C885200230}.Release|Any CPU.Build.0 = Release|Any CPU
		{15424D1D-BB5E-417A-A8E0-4F97340B1ADC}.Debug|Any CPU.ActiveCfg = Debug|Any CPU
		{15424D1D-BB5E-417A-A8E0-4F97340B1ADC}.Debug|Any CPU.Build.0 = Debug|Any CPU
		{15424D1D-BB5E-417A-A8E0-4F97340B1ADC}.Release|Any CPU.ActiveCfg = Release|Any CPU
		{15424D1D-BB5E-417A-A8E0-4F97340B1ADC}.Release|Any CPU.Build.0 = Release|Any CPU
		{E98526DE-487B-4DC9-B523-AC5EC2770F8C}.Debug|Any CPU.ActiveCfg = Debug|Any CPU
		{E98526DE-487B-4DC9-B523-AC5EC2770F8C}.Debug|Any CPU.Build.0 = Debug|Any CPU
		{E98526DE-487B-4DC9-B523-AC5EC2770F8C}.Release|Any CPU.ActiveCfg = Release|Any CPU
		{E98526DE-487B-4DC9-B523-AC5EC2770F8C}.Release|Any CPU.Build.0 = Release|Any CPU
		{83007329-2B0F-4BDC-BDA4-909AFA351BCD}.Debug|Any CPU.ActiveCfg = Debug|Any CPU
		{83007329-2B0F-4BDC-BDA4-909AFA351BCD}.Debug|Any CPU.Build.0 = Debug|Any CPU
		{83007329-2B0F-4BDC-BDA4-909AFA351BCD}.Release|Any CPU.ActiveCfg = Release|Any CPU
		{83007329-2B0F-4BDC-BDA4-909AFA351BCD}.Release|Any CPU.Build.0 = Release|Any CPU
	EndGlobalSection
	GlobalSection(SolutionProperties) = preSolution
		HideSolutionNode = FALSE
	EndGlobalSection
	GlobalSection(ExtensibilityGlobals) = postSolution
		SolutionGuid = {9E84FB8E-183F-4EE0-8C40-2CB661FCA554}
	EndGlobalSection
EndGlobal
