{
  "version": 1,
  "dependencies": {
    "net8.0": {
      "Microsoft.NET.ILLink.Tasks": {
        "type": "Direct",
        "requested": "[8.0.12, )",
        "resolved": "8.0.12",
        "contentHash": "FV4HnQ3JI15PHnJ5PGTbz+rYvrih42oLi/7UMIshNwCwUZhTq13UzrggtXk4ygrcMcN+4jsS6hhshx2p/Zd0ig=="
      },
      "Microsoft.NET.Test.Sdk": {
        "type": "Direct",
        "requested": "[17.13.0, )",
        "resolved": "17.13.0",
        "contentHash": "W19wCPizaIC9Zh47w8wWI/yxuqR7/dtABwOrc8r2jX/8mUNxM2vw4fXDh+DJTeogxV+KzKwg5jNNGQVwf3LXyA==",
        "dependencies": {
          "Microsoft.CodeCoverage": "17.13.0",
          "Microsoft.TestPlatform.TestHost": "17.13.0"
        }
      },
      "MSTest.TestAdapter": {
        "type": "Direct",
        "requested": "[3.4.3, )",
        "resolved": "3.4.3",
        "contentHash": "5ul31wYr17590gDumPxWMiBLPREfPF/ggtdPGfaKoYSsO0EW6H1GWY+7xnVCKa2SB4I/dSEZLDYSwRLDjA0LEQ==",
        "dependencies": {
          "Microsoft.Testing.Extensions.VSTestBridge": "1.2.1",
          "Microsoft.Testing.Platform.MSBuild": "1.2.1"
        }
      },
      "MSTest.TestFramework": {
        "type": "Direct",
        "requested": "[3.8.2, )",
        "resolved": "3.8.2",
        "contentHash": "GE6TAA3yC6rYFZcUY7NprA4muVKtTCgoPwFPLu+Q0XgNjcIBa7C1O+hGT23mWwyiAyzVOH6G33pHsJS8mI2hqA==",
        "dependencies": {
          "MSTest.Analyzers": "3.8.2"
        }
      },
      "Microsoft.ApplicationInsights": {
        "type": "Transitive",
        "resolved": "2.22.0",
        "contentHash": "3AOM9bZtku7RQwHyMEY3tQMrHIgjcfRDa6YQpd/QG2LDGvMydSlL9Di+8LLMt7J2RDdfJ7/2jdYv6yHcMJAnNw==",
        "dependencies": {
          "System.Diagnostics.DiagnosticSource": "5.0.0"
        }
      },
      "Microsoft.CodeCoverage": {
        "type": "Transitive",
        "resolved": "17.13.0",
        "contentHash": "9LIUy0y+DvUmEPtbRDw6Bay3rzwqFV8P4efTrK4CZhQle3M/QwLPjISghfcolmEGAPWxuJi6m98ZEfk4VR4Lfg=="
      },
      "Microsoft.Extensions.DependencyInjection.Abstractions": {
        "type": "Transitive",
        "resolved": "8.0.2",
        "contentHash": "3iE7UF7MQkCv1cxzCahz+Y/guQbTqieyxyaWKhrRO91itI9cOKO76OHeQDahqG4MmW5umr3CcCvGmK92lWNlbg=="
      },
      "Microsoft.Extensions.Logging.Abstractions": {
        "type": "Transitive",
        "resolved": "8.0.3",
        "contentHash": "dL0QGToTxggRLMYY4ZYX5AMwBb+byQBd/5dMiZE07Nv73o6I5Are3C7eQTh7K2+A4ct0PVISSr7TZANbiNb2yQ==",
        "dependencies": {
          "Microsoft.Extensions.DependencyInjection.Abstractions": "8.0.2"
        }
      },
      "Microsoft.Testing.Extensions.Telemetry": {
        "type": "Transitive",
        "resolved": "1.2.1",
        "contentHash": "MKGxwQhDDEoTS/ntFb21Z6Bxh9VvknmSLgEWH+NFD86fbcIqE2Al8lrXkQPeH+AqCvlhx2WnPLKd81T2PXc2dw==",
        "dependencies": {
          "Microsoft.ApplicationInsights": "2.22.0",
          "Microsoft.Testing.Platform": "1.2.1"
        }
      },
      "Microsoft.Testing.Extensions.TrxReport.Abstractions": {
        "type": "Transitive",
        "resolved": "1.2.1",
        "contentHash": "46SnzaLR+SDaTtBWy49xdFm/rI40I8nZtziqnt2d4lgILKovWPnkM8Pehnga/uwl+OznVIh0XuRsN3NokkX1TQ==",
        "dependencies": {
          "Microsoft.Testing.Platform": "1.2.1"
        }
      },
      "Microsoft.Testing.Extensions.VSTestBridge": {
        "type": "Transitive",
        "resolved": "1.2.1",
        "contentHash": "Tu8CWHEwV/92WM2DRr/qeIdH243diV5s43ODPLl13XeRqGbZlu9lk7X0a7kcxhp0BLRlA3fqMW3F6RynrnDrPw==",
        "dependencies": {
          "Microsoft.ApplicationInsights": "2.22.0",
          "Microsoft.TestPlatform.ObjectModel": "17.5.0",
          "Microsoft.Testing.Extensions.Telemetry": "1.2.1",
          "Microsoft.Testing.Extensions.TrxReport.Abstractions": "1.2.1",
          "Microsoft.Testing.Platform": "1.2.1"
        }
      },
      "Microsoft.Testing.Platform": {
        "type": "Transitive",
        "resolved": "1.2.1",
        "contentHash": "mb7irPwqjgusJ05BxuQ5KP6uofWaoDr/dfjFNItX1Q1Ntv3EDMr3CeLInrlU2PNcPwwObw4X6bZG7wJvvFjKZQ=="
      },
      "Microsoft.Testing.Platform.MSBuild": {
        "type": "Transitive",
        "resolved": "1.2.1",
        "contentHash": "leUhW4iQNy7vmPk5uRHd4OROqfRtugWDQkWL/4AD17gxZwAAwGCaTcrqG0YVPi7uuZ+lj2Loa6kU7hBLA/v5+w==",
        "dependencies": {
          "Microsoft.Testing.Platform": "1.2.1"
        }
      },
      "Microsoft.TestPlatform.ObjectModel": {
        "type": "Transitive",
        "resolved": "17.13.0",
        "contentHash": "bt0E0Dx+iqW97o4A59RCmUmz/5NarJ7LRL+jXbSHod72ibL5XdNm1Ke+UO5tFhBG4VwHLcSjqq9BUSblGNWamw==",
        "dependencies": {
          "System.Reflection.Metadata": "1.6.0"
        }
      },
      "Microsoft.TestPlatform.TestHost": {
        "type": "Transitive",
        "resolved": "17.13.0",
        "contentHash": "9GGw08Dc3AXspjekdyTdZ/wYWFlxbgcF0s7BKxzVX+hzAwpifDOdxM+ceVaaJSQOwqt3jtuNlHn3XTpKUS9x9Q==",
        "dependencies": {
          "Microsoft.TestPlatform.ObjectModel": "17.13.0",
          "Newtonsoft.Json": "13.0.1"
        }
      },
      "MSTest.Analyzers": {
        "type": "Transitive",
        "resolved": "3.8.2",
        "contentHash": "ODWteXvnMEgCoZl1vAi2lOFIFFJSZkyQoQB9AFwBEUrzgJpy5J4ml3jLye4n85TA7gd+Qg2eWtqkvyEunB7B0g=="
      },
      "Newtonsoft.Json": {
        "type": "Transitive",
        "resolved": "13.0.1",
        "contentHash": "ppPFpBcvxdsfUonNcvITKqLl3bqxWbDCZIzDWHzjpdAHRFfZe0Dw9HmA0+za13IdyrgJwpkDTDA9fHaxOrt20A=="
      },
      "System.Diagnostics.DiagnosticSource": {
        "type": "Transitive",
        "resolved": "5.0.0",
        "contentHash": "tCQTzPsGZh/A9LhhA6zrqCRV4hOHsK90/G7q3Khxmn6tnB1PuNU0cRaKANP2AWcF9bn0zsuOoZOSrHuJk6oNBA=="
      },
      "System.Reflection.Metadata": {
        "type": "Transitive",
        "resolved": "1.6.0",
        "contentHash": "COC1aiAJjCoA5GBF+QKL2uLqEBew4JsCkQmoHKbN3TlOZKa2fKLz5CpiRQKDz0RsAOEGsVKqOD5bomsXq/4STQ=="
      },
      "forzadata-core": {
        "type": "Project",
        "dependencies": {
          "Microsoft.Extensions.Logging.Abstractions": "[8.0.3, )"
        }
      }
    },
    "net8.0/linux-arm64": {},
    "net8.0/linux-x64": {},
    "net8.0/osx-arm64": {},
    "net8.0/osx-x64": {},
    "net8.0/win-arm64": {},
    "net8.0/win-x64": {}
  }
}