{
  "version": 1,
  "dependencies": {
    "net8.0": {
      "Microsoft.Extensions.Logging.Abstractions": {
        "type": "Direct",
        "requested": "[9.0.2, )",
        "resolved": "9.0.2",
        "contentHash": "dV9s2Lamc8jSaqhl2BQSPn/AryDIH2sSbQUyLitLXV0ROmsb+SROnn2cH939JFbsNrnf3mIM3GNRKT7P0ldwLg==",
        "dependencies": {
          "Microsoft.Extensions.DependencyInjection.Abstractions": "9.0.2",
          "System.Diagnostics.DiagnosticSource": "9.0.2"
        }
      },
      "Microsoft.NET.ILLink.Tasks": {
        "type": "Direct",
        "requested": "[8.0.12, )",
        "resolved": "8.0.12",
        "contentHash": "FV4HnQ3JI15PHnJ5PGTbz+rYvrih42oLi/7UMIshNwCwUZhTq13UzrggtXk4ygrcMcN+4jsS6hhshx2p/Zd0ig=="
      },
      "Microsoft.Extensions.DependencyInjection.Abstractions": {
        "type": "Transitive",
        "resolved": "9.0.2",
        "contentHash": "MNe7GSTBf3jQx5vYrXF0NZvn6l7hUKF6J54ENfAgCO8y6xjN1XUmKKWG464LP2ye6QqDiA1dkaWEZBYnhoZzjg=="
      },
      "System.Diagnostics.DiagnosticSource": {
        "type": "Transitive",
        "resolved": "9.0.2",
        "contentHash": "z5CMQNLzk8UKnTEHRKb4nq03CCDWBMEF2gfP3oPKZn4F8wip6LFZCP5rF90DREHqdNddScIGAfszXJSjh4drSw=="
      }
    },
    "net8.0/linux-arm64": {},
    "net8.0/linux-x64": {},
    "net8.0/osx-arm64": {},
    "net8.0/osx-x64": {},
    "net8.0/win-arm64": {},
    "net8.0/win-x64": {}
  }
}