{
  "version": 1,
  "dependencies": {
    "net8.0": {
      "Microsoft.NET.ILLink.Tasks": {
        "type": "Direct",
        "requested": "[8.0.3, )",
        "resolved": "8.0.3",
        "contentHash": "0kwNg0LBIvVTx9A2mo9Mnw4wLGtaeQgjSz5P13bOOwdWPPLe9HzI+XTkwiMhS7iQCM6X4LAbFR76xScaMw0MrA=="
      },
      "Spectre.Console.Cli": {
        "type": "Direct",
        "requested": "[0.48.0, )",
        "resolved": "0.48.0",
        "contentHash": "HNoDxAOTODQ9h+4K5Cs2caW8kIicRKw5SS4vgEEkJtnTp7/4XR8OIGvCjVi09w3m+xn4lTlkS0ENy2ktGz4HRw==",
        "dependencies": {
          "Spectre.Console": "0.48.0"
        }
      },
      "Spectre.Console": {
        "type": "Transitive",
        "resolved": "0.48.0",
        "contentHash": "4Mc1UT7Azgtyb8FyNwK5FZmoZbKuT5PmY7ZwaKUytjD5kGFMNBACpOZTwYtkuY377YkYtZYBeDDTJUwTW86QXw==",
        "dependencies": {
          "System.Memory": "4.5.5"
        }
      },
      "System.Memory": {
        "type": "Transitive",
        "resolved": "4.5.5",
        "contentHash": "XIWiDvKPXaTveaB7HVganDlOCRoj03l+jrwNvcge/t8vhGYKvqV+dMv6G4SAX2NoNmN0wZfVPTAlFwZcZvVOUw=="
      },
      "forzadata-core": {
        "type": "Project"
      }
    },
    "net8.0/linux-x64": {},
    "net8.0/osx-x64": {},
    "net8.0/win-x64": {}
  }
}