{
  "version": 1,
  "dependencies": {
    "net8.0": {
      "Microsoft.NET.ILLink.Tasks": {
        "type": "Direct",
        "requested": "[8.0.3, )",
        "resolved": "8.0.3",
        "contentHash": "0kwNg0LBIvVTx9A2mo9Mnw4wLGtaeQgjSz5P13bOOwdWPPLe9HzI+XTkwiMhS7iQCM6X4LAbFR76xScaMw0MrA=="
      },
      "forzadata-core": {
        "type": "Project"
      }
    },
    "net8.0/linux-x64": {},
    "net8.0/osx-x64": {},
    "net8.0/win-x64": {}
  }
}